{
  "name": "homework2",
  "version": "1.0.0",
  "lockfileVersion": 3,
  "requires": true,
  "packages": {
    "": {
      "name": "homework2",
      "version": "1.0.0",
      "license": "ISC",
      "dependencies": {
        "simple-password-create": "^1.0.1"
      }
    },
    "node_modules/simple-password-create": {
      "version": "1.0.1",
      "resolved": "https://registry.npmjs.org/simple-password-create/-/simple-password-create-1.0.1.tgz",
      "integrity": "sha512-R5JvjMWSunu/3JF7ySeSN54iW5KUA4Q/z8+B8oFiP3lKNkGeObmQ4VteS1XyavSmOybXBZr5KF7TN66vap+Dmw==",
      "license": "ISC"
    }
  }
}
